
Microsoft Visual Studio Solution File, Format Version 12.00
# Visual Studio Version 17
VisualStudioVersion = 17.0.31903.59
MinimumVisualStudioVersion = 10.0.40219.1
Project("{2150E333-8FDC-42A3-9474-1A3956D46DE8}") = "src", "src", "{532E7377-FC9D-436B-9708-5A0396B85CA5}"
EndProject
Project("{F2A71F9B-5D33-465A-A702-920D77279786}") = "Sutil.Router", "src\Sutil.Router\Sutil.Router.fsproj", "{39942A1D-0A04-4561-B316-A55F65C97B13}"
EndProject
Project("{F2A71F9B-5D33-465A-A702-920D77279786}") = "App", "src\App\App.fsproj", "{1E24E8C4-10C6-470C-8F6F-F81B33849435}"
EndProject
Global
	GlobalSection(SolutionConfigurationPlatforms) = preSolution
		Debug|Any CPU = Debug|Any CPU
		Release|Any CPU = Release|Any CPU
	EndGlobalSection
	GlobalSection(SolutionProperties) = preSolution
		HideSolutionNode = FALSE
	EndGlobalSection
	GlobalSection(ProjectConfigurationPlatforms) = postSolution
		{39942A1D-0A04-4561-B316-A55F65C97B13}.Debug|Any CPU.ActiveCfg = Debug|Any CPU
		{39942A1D-0A04-4561-B316-A55F65C97B13}.Debug|Any CPU.Build.0 = Debug|Any CPU
		{39942A1D-0A04-4561-B316-A55F65C97B13}.Release|Any CPU.ActiveCfg = Release|Any CPU
		{39942A1D-0A04-4561-B316-A55F65C97B13}.Release|Any CPU.Build.0 = Release|Any CPU
		{1E24E8C4-10C6-470C-8F6F-F81B33849435}.Debug|Any CPU.ActiveCfg = Debug|Any CPU
		{1E24E8C4-10C6-470C-8F6F-F81B33849435}.Debug|Any CPU.Build.0 = Debug|Any CPU
		{1E24E8C4-10C6-470C-8F6F-F81B33849435}.Release|Any CPU.ActiveCfg = Release|Any CPU
		{1E24E8C4-10C6-470C-8F6F-F81B33849435}.Release|Any CPU.Build.0 = Release|Any CPU
	EndGlobalSection
	GlobalSection(NestedProjects) = preSolution
		{39942A1D-0A04-4561-B316-A55F65C97B13} = {532E7377-FC9D-436B-9708-5A0396B85CA5}
		{1E24E8C4-10C6-470C-8F6F-F81B33849435} = {532E7377-FC9D-436B-9708-5A0396B85CA5}
	EndGlobalSection
EndGlobal
